// !$*UTF8*$!
{
	archiveVersion = 1;
	classes = {
	};
	objectVersion = 50;
	objects = {

/* Begin PBXBuildFile section */
		6525C4932580C86600050383 /* AppDelegate.m in Sources */ = {isa = PBXBuildFile; fileRef = 6525C4922580C86600050383 /* AppDelegate.m */; };
		6525C4962580C86600050383 /* SceneDelegate.m in Sources */ = {isa = PBXBuildFile; fileRef = 6525C4952580C86600050383 /* SceneDelegate.m */; };
		6525C4992580C86600050383 /* ViewController.m in Sources */ = {isa = PBXBuildFile; fileRef = 6525C4982580C86600050383 /* ViewController.m */; };
		6525C49C2580C86600050383 /* Main.storyboard in Resources */ = {isa = PBXBuildFile; fileRef = 6525C49A2580C86600050383 /* Main.storyboard */; };
		6525C49F2580C86600050383 /* PrivacyRightDemo.xcdatamodeld in Sources */ = {isa = PBXBuildFile; fileRef = 6525C49D2580C86600050383 /* PrivacyRightDemo.xcdatamodeld */; };
		6525C4A12580C86900050383 /* Assets.xcassets in Resources */ = {isa = PBXBuildFile; fileRef = 6525C4A02580C86900050383 /* Assets.xcassets */; };
		6525C4A42580C86900050383 /* LaunchScreen.storyboard in Resources */ = {isa = PBXBuildFile; fileRef = 6525C4A22580C86900050383 /* LaunchScreen.storyboard */; };
		6525C4A72580C86900050383 /* main.m in Sources */ = {isa = PBXBuildFile; fileRef = 6525C4A62580C86900050383 /* main.m */; };
		6525C4B12580C86A00050383 /* PrivacyRightDemoTests.m in Sources */ = {isa = PBXBuildFile; fileRef = 6525C4B02580C86A00050383 /* PrivacyRightDemoTests.m */; };
		6525C4BC2580C86A00050383 /* PrivacyRightDemoUITests.m in Sources */ = {isa = PBXBuildFile; fileRef = 6525C4BB2580C86A00050383 /* PrivacyRightDemoUITests.m */; };
		6525C4D02580C87C00050383 /* MTBasePermission.m in Sources */ = {isa = PBXBuildFile; fileRef = 6525C4CE2580C87C00050383 /* MTBasePermission.m */; };
		6525C4D92580C9A700050383 /* MTLibraryPermission.m in Sources */ = {isa = PBXBuildFile; fileRef = 6525C4D82580C9A700050383 /* MTLibraryPermission.m */; };
		6525C4DF2580C9BF00050383 /* MTCameraPermission.m in Sources */ = {isa = PBXBuildFile; fileRef = 6525C4DE2580C9BF00050383 /* MTCameraPermission.m */; };
		6525C4E52580C9D900050383 /* MTMicrophonePermission.m in Sources */ = {isa = PBXBuildFile; fileRef = 6525C4E42580C9D900050383 /* MTMicrophonePermission.m */; };
		6525C4EB2580C9EB00050383 /* MTLocationAllowsPermission.m in Sources */ = {isa = PBXBuildFile; fileRef = 6525C4EA2580C9EB00050383 /* MTLocationAllowsPermission.m */; };
		6525C4F12580C9FF00050383 /* MTLocationWhenInUsePermission.m in Sources */ = {isa = PBXBuildFile; fileRef = 6525C4F02580C9FF00050383 /* MTLocationWhenInUsePermission.m */; };
		6525C4F72580CA1100050383 /* MTCalendarsPermission.m in Sources */ = {isa = PBXBuildFile; fileRef = 6525C4F62580CA1100050383 /* MTCalendarsPermission.m */; };
		6525C4FD2580CA2300050383 /* MTRemindersPermission.m in Sources */ = {isa = PBXBuildFile; fileRef = 6525C4FC2580CA2300050383 /* MTRemindersPermission.m */; };
		6525C5032580CA5500050383 /* MTHealthPermission.m in Sources */ = {isa = PBXBuildFile; fileRef = 6525C5022580CA5500050383 /* MTHealthPermission.m */; };
		6525C5092580CA6500050383 /* MTUserNotificationPermission.m in Sources */ = {isa = PBXBuildFile; fileRef = 6525C5082580CA6500050383 /* MTUserNotificationPermission.m */; };
		6525C50F2580CA7500050383 /* MTContactsPermission.m in Sources */ = {isa = PBXBuildFile; fileRef = 6525C50E2580CA7500050383 /* MTContactsPermission.m */; };
		6525C5152580CA8700050383 /* MTNetworkPermission.m in Sources */ = {isa = PBXBuildFile; fileRef = 6525C5142580CA8700050383 /* MTNetworkPermission.m */; };
/* End PBXBuildFile section */

/* Begin PBXContainerItemProxy section */
		6525C4AD2580C86A00050383 /* PBXContainerItemProxy */ = {
			isa = PBXContainerItemProxy;
			containerPortal = 6525C4862580C86600050383 /* Project object */;
			proxyType = 1;
			remoteGlobalIDString = 6525C48D2580C86600050383;
			remoteInfo = PrivacyRightDemo;
		};
		6525C4B82580C86A00050383 /* PBXContainerItemProxy */ = {
			isa = PBXContainerItemProxy;
			containerPortal = 6525C4862580C86600050383 /* Project object */;
			proxyType = 1;
			remoteGlobalIDString = 6525C48D2580C86600050383;
			remoteInfo = PrivacyRightDemo;
		};
/* End PBXContainerItemProxy section */

/* Begin PBXFileReference section */
		6525C48E2580C86600050383 /* PrivacyRightDemo.app */ = {isa = PBXFileReference; explicitFileType = wrapper.application; includeInIndex = 0; path = PrivacyRightDemo.app; sourceTree = BUILT_PRODUCTS_DIR; };
		6525C4912580C86600050383 /* AppDelegate.h */ = {isa = PBXFileReference; lastKnownFileType = sourcecode.c.h; path = AppDelegate.h; sourceTree = "<group>"; };
		6525C4922580C86600050383 /* AppDelegate.m */ = {isa = PBXFileReference; lastKnownFileType = sourcecode.c.objc; path = AppDelegate.m; sourceTree = "<group>"; };
		6525C4942580C86600050383 /* SceneDelegate.h */ = {isa = PBXFileReference; lastKnownFileType = sourcecode.c.h; path = SceneDelegate.h; sourceTree = "<group>"; };
		6525C4952580C86600050383 /* SceneDelegate.m */ = {isa = PBXFileReference; lastKnownFileType = sourcecode.c.objc; path = SceneDelegate.m; sourceTree = "<group>"; };
		6525C4972580C86600050383 /* ViewController.h */ = {isa = PBXFileReference; lastKnownFileType = sourcecode.c.h; path = ViewController.h; sourceTree = "<group>"; };
		6525C4982580C86600050383 /* ViewController.m */ = {isa = PBXFileReference; lastKnownFileType = sourcecode.c.objc; path = ViewController.m; sourceTree = "<group>"; };
		6525C49B2580C86600050383 /* Base */ = {isa = PBXFileReference; lastKnownFileType = file.storyboard; name = Base; path = Base.lproj/Main.storyboard; sourceTree = "<group>"; };
		6525C49E2580C86600050383 /* PrivacyRightDemo.xcdatamodel */ = {isa = PBXFileReference; lastKnownFileType = wrapper.xcdatamodel; path = PrivacyRightDemo.xcdatamodel; sourceTree = "<group>"; };
		6525C4A02580C86900050383 /* Assets.xcassets */ = {isa = PBXFileReference; lastKnownFileType = folder.assetcatalog; path = Assets.xcassets; sourceTree = "<group>"; };
		6525C4A32580C86900050383 /* Base */ = {isa = PBXFileReference; lastKnownFileType = file.storyboard; name = Base; path = Base.lproj/LaunchScreen.storyboard; sourceTree = "<group>"; };
		6525C4A52580C86900050383 /* Info.plist */ = {isa = PBXFileReference; lastKnownFileType = text.plist.xml; path = Info.plist; sourceTree = "<group>"; };
		6525C4A62580C86900050383 /* main.m */ = {isa = PBXFileReference; lastKnownFileType = sourcecode.c.objc; path = main.m; sourceTree = "<group>"; };
		6525C4AC2580C86A00050383 /* PrivacyRightDemoTests.xctest */ = {isa = PBXFileReference; explicitFileType = wrapper.cfbundle; includeInIndex = 0; path = PrivacyRightDemoTests.xctest; sourceTree = BUILT_PRODUCTS_DIR; };
		6525C4B02580C86A00050383 /* PrivacyRightDemoTests.m */ = {isa = PBXFileReference; lastKnownFileType = sourcecode.c.objc; path = PrivacyRightDemoTests.m; sourceTree = "<group>"; };
		6525C4B22580C86A00050383 /* Info.plist */ = {isa = PBXFileReference; lastKnownFileType = text.plist.xml; path = Info.plist; sourceTree = "<group>"; };
		6525C4B72580C86A00050383 /* PrivacyRightDemoUITests.xctest */ = {isa = PBXFileReference; explicitFileType = wrapper.cfbundle; includeInIndex = 0; path = PrivacyRightDemoUITests.xctest; sourceTree = BUILT_PRODUCTS_DIR; };
		6525C4BB2580C86A00050383 /* PrivacyRightDemoUITests.m */ = {isa = PBXFileReference; lastKnownFileType = sourcecode.c.objc; path = PrivacyRightDemoUITests.m; sourceTree = "<group>"; };
		6525C4BD2580C86A00050383 /* Info.plist */ = {isa = PBXFileReference; lastKnownFileType = text.plist.xml; path = Info.plist; sourceTree = "<group>"; };
		6525C4CD2580C87C00050383 /* MTBasePermission.h */ = {isa = PBXFileReference; fileEncoding = 4; lastKnownFileType = sourcecode.c.h; path = MTBasePermission.h; sourceTree = "<group>"; };
		6525C4CE2580C87C00050383 /* MTBasePermission.m */ = {isa = PBXFileReference; fileEncoding = 4; lastKnownFileType = sourcecode.c.objc; path = MTBasePermission.m; sourceTree = "<group>"; };
		6525C4CF2580C87C00050383 /* MTPermissionConstant.h */ = {isa = PBXFileReference; fileEncoding = 4; lastKnownFileType = sourcecode.c.h; path = MTPermissionConstant.h; sourceTree = "<group>"; };
		6525C4D72580C9A700050383 /* MTLibraryPermission.h */ = {isa = PBXFileReference; lastKnownFileType = sourcecode.c.h; path = MTLibraryPermission.h; sourceTree = "<group>"; };
		6525C4D82580C9A700050383 /* MTLibraryPermission.m */ = {isa = PBXFileReference; lastKnownFileType = sourcecode.c.objc; path = MTLibraryPermission.m; sourceTree = "<group>"; };
		6525C4DD2580C9BE00050383 /* MTCameraPermission.h */ = {isa = PBXFileReference; lastKnownFileType = sourcecode.c.h; path = MTCameraPermission.h; sourceTree = "<group>"; };
		6525C4DE2580C9BF00050383 /* MTCameraPermission.m */ = {isa = PBXFileReference; lastKnownFileType = sourcecode.c.objc; path = MTCameraPermission.m; sourceTree = "<group>"; };
		6525C4E32580C9D900050383 /* MTMicrophonePermission.h */ = {isa = PBXFileReference; lastKnownFileType = sourcecode.c.h; path = MTMicrophonePermission.h; sourceTree = "<group>"; };
		6525C4E42580C9D900050383 /* MTMicrophonePermission.m */ = {isa = PBXFileReference; lastKnownFileType = sourcecode.c.objc; path = MTMicrophonePermission.m; sourceTree = "<group>"; };
		6525C4E92580C9EB00050383 /* MTLocationAllowsPermission.h */ = {isa = PBXFileReference; lastKnownFileType = sourcecode.c.h; path = MTLocationAllowsPermission.h; sourceTree = "<group>"; };
		6525C4EA2580C9EB00050383 /* MTLocationAllowsPermission.m */ = {isa = PBXFileReference; lastKnownFileType = sourcecode.c.objc; path = MTLocationAllowsPermission.m; sourceTree = "<group>"; };
		6525C4EF2580C9FF00050383 /* MTLocationWhenInUsePermission.h */ = {isa = PBXFileReference; lastKnownFileType = sourcecode.c.h; path = MTLocationWhenInUsePermission.h; sourceTree = "<group>"; };
		6525C4F02580C9FF00050383 /* MTLocationWhenInUsePermission.m */ = {isa = PBXFileReference; lastKnownFileType = sourcecode.c.objc; path = MTLocationWhenInUsePermission.m; sourceTree = "<group>"; };
		6525C4F52580CA1100050383 /* MTCalendarsPermission.h */ = {isa = PBXFileReference; lastKnownFileType = sourcecode.c.h; path = MTCalendarsPermission.h; sourceTree = "<group>"; };
		6525C4F62580CA1100050383 /* MTCalendarsPermission.m */ = {isa = PBXFileReference; lastKnownFileType = sourcecode.c.objc; path = MTCalendarsPermission.m; sourceTree = "<group>"; };
		6525C4FB2580CA2300050383 /* MTRemindersPermission.h */ = {isa = PBXFileReference; lastKnownFileType = sourcecode.c.h; path = MTRemindersPermission.h; sourceTree = "<group>"; };
		6525C4FC2580CA2300050383 /* MTRemindersPermission.m */ = {isa = PBXFileReference; lastKnownFileType = sourcecode.c.objc; path = MTRemindersPermission.m; sourceTree = "<group>"; };
		6525C5012580CA5500050383 /* MTHealthPermission.h */ = {isa = PBXFileReference; lastKnownFileType = sourcecode.c.h; path = MTHealthPermission.h; sourceTree = "<group>"; };
		6525C5022580CA5500050383 /* MTHealthPermission.m */ = {isa = PBXFileReference; lastKnownFileType = sourcecode.c.objc; path = MTHealthPermission.m; sourceTree = "<group>"; };
		6525C5072580CA6500050383 /* MTUserNotificationPermission.h */ = {isa = PBXFileReference; lastKnownFileType = sourcecode.c.h; path = MTUserNotificationPermission.h; sourceTree = "<group>"; };
		6525C5082580CA6500050383 /* MTUserNotificationPermission.m */ = {isa = PBXFileReference; lastKnownFileType = sourcecode.c.objc; path = MTUserNotificationPermission.m; sourceTree = "<group>"; };
		6525C50D2580CA7500050383 /* MTContactsPermission.h */ = {isa = PBXFileReference; lastKnownFileType = sourcecode.c.h; path = MTContactsPermission.h; sourceTree = "<group>"; };
		6525C50E2580CA7500050383 /* MTContactsPermission.m */ = {isa = PBXFileReference; lastKnownFileType = sourcecode.c.objc; path = MTContactsPermission.m; sourceTree = "<group>"; };
		6525C5132580CA8700050383 /* MTNetworkPermission.h */ = {isa = PBXFileReference; lastKnownFileType = sourcecode.c.h; path = MTNetworkPermission.h; sourceTree = "<group>"; };
		6525C5142580CA8700050383 /* MTNetworkPermission.m */ = {isa = PBXFileReference; lastKnownFileType = sourcecode.c.objc; path = MTNetworkPermission.m; sourceTree = "<group>"; };
/* End PBXFileReference section */

/* Begin PBXFrameworksBuildPhase section */
		6525C48B2580C86600050383 /* Frameworks */ = {
			isa = PBXFrameworksBuildPhase;
			buildActionMask = 2147483647;
			files = (
			);
			runOnlyForDeploymentPostprocessing = 0;
		};
		6525C4A92580C86A00050383 /* Frameworks */ = {
			isa = PBXFrameworksBuildPhase;
			buildActionMask = 2147483647;
			files = (
			);
			runOnlyForDeploymentPostprocessing = 0;
		};
		6525C4B42580C86A00050383 /* Frameworks */ = {
			isa = PBXFrameworksBuildPhase;
			buildActionMask = 2147483647;
			files = (
			);
			runOnlyForDeploymentPostprocessing = 0;
		};
/* End PBXFrameworksBuildPhase section */

/* Begin PBXGroup section */
		6525C4852580C86600050383 = {
			isa = PBXGroup;
			children = (
				6525C4902580C86600050383 /* PrivacyRightDemo */,
				6525C4AF2580C86A00050383 /* PrivacyRightDemoTests */,
				6525C4BA2580C86A00050383 /* PrivacyRightDemoUITests */,
				6525C48F2580C86600050383 /* Products */,
			);
			sourceTree = "<group>";
		};
		6525C48F2580C86600050383 /* Products */ = {
			isa = PBXGroup;
			children = (
				6525C48E2580C86600050383 /* PrivacyRightDemo.app */,
				6525C4AC2580C86A00050383 /* PrivacyRightDemoTests.xctest */,
				6525C4B72580C86A00050383 /* PrivacyRightDemoUITests.xctest */,
			);
			name = Products;
			sourceTree = "<group>";
		};
		6525C4902580C86600050383 /* PrivacyRightDemo */ = {
			isa = PBXGroup;
			children = (
				6525C4CC2580C87C00050383 /* 隐私权限 */,
				6525C4912580C86600050383 /* AppDelegate.h */,
				6525C4922580C86600050383 /* AppDelegate.m */,
				6525C4942580C86600050383 /* SceneDelegate.h */,
				6525C4952580C86600050383 /* SceneDelegate.m */,
				6525C4972580C86600050383 /* ViewController.h */,
				6525C4982580C86600050383 /* ViewController.m */,
				6525C49A2580C86600050383 /* Main.storyboard */,
				6525C4A02580C86900050383 /* Assets.xcassets */,
				6525C4A22580C86900050383 /* LaunchScreen.storyboard */,
				6525C4A52580C86900050383 /* Info.plist */,
				6525C4A62580C86900050383 /* main.m */,
				6525C49D2580C86600050383 /* PrivacyRightDemo.xcdatamodeld */,
			);
			path = PrivacyRightDemo;
			sourceTree = "<group>";
		};
		6525C4AF2580C86A00050383 /* PrivacyRightDemoTests */ = {
			isa = PBXGroup;
			children = (
				6525C4B02580C86A00050383 /* PrivacyRightDemoTests.m */,
				6525C4B22580C86A00050383 /* Info.plist */,
			);
			path = PrivacyRightDemoTests;
			sourceTree = "<group>";
		};
		6525C4BA2580C86A00050383 /* PrivacyRightDemoUITests */ = {
			isa = PBXGroup;
			children = (
				6525C4BB2580C86A00050383 /* PrivacyRightDemoUITests.m */,
				6525C4BD2580C86A00050383 /* Info.plist */,
			);
			path = PrivacyRightDemoUITests;
			sourceTree = "<group>";
		};
		6525C4CC2580C87C00050383 /* 隐私权限 */ = {
			isa = PBXGroup;
			children = (
				6525C4CD2580C87C00050383 /* MTBasePermission.h */,
				6525C4CE2580C87C00050383 /* MTBasePermission.m */,
				6525C4CF2580C87C00050383 /* MTPermissionConstant.h */,
				6525C4D72580C9A700050383 /* MTLibraryPermission.h */,
				6525C4D82580C9A700050383 /* MTLibraryPermission.m */,
				6525C4DD2580C9BE00050383 /* MTCameraPermission.h */,
				6525C4DE2580C9BF00050383 /* MTCameraPermission.m */,
				6525C4E32580C9D900050383 /* MTMicrophonePermission.h */,
				6525C4E42580C9D900050383 /* MTMicrophonePermission.m */,
				6525C4E92580C9EB00050383 /* MTLocationAllowsPermission.h */,
				6525C4EA2580C9EB00050383 /* MTLocationAllowsPermission.m */,
				6525C4EF2580C9FF00050383 /* MTLocationWhenInUsePermission.h */,
				6525C4F02580C9FF00050383 /* MTLocationWhenInUsePermission.m */,
				6525C4F52580CA1100050383 /* MTCalendarsPermission.h */,
				6525C4F62580CA1100050383 /* MTCalendarsPermission.m */,
				6525C4FB2580CA2300050383 /* MTRemindersPermission.h */,
				6525C4FC2580CA2300050383 /* MTRemindersPermission.m */,
				6525C5012580CA5500050383 /* MTHealthPermission.h */,
				6525C5022580CA5500050383 /* MTHealthPermission.m */,
				6525C5072580CA6500050383 /* MTUserNotificationPermission.h */,
				6525C5082580CA6500050383 /* MTUserNotificationPermission.m */,
				6525C50D2580CA7500050383 /* MTContactsPermission.h */,
				6525C50E2580CA7500050383 /* MTContactsPermission.m */,
				6525C5132580CA8700050383 /* MTNetworkPermission.h */,
				6525C5142580CA8700050383 /* MTNetworkPermission.m */,
			);
			path = "隐私权限";
			sourceTree = "<group>";
		};
/* End PBXGroup section */

/* Begin PBXNativeTarget section */
		6525C48D2580C86600050383 /* PrivacyRightDemo */ = {
			isa = PBXNativeTarget;
			buildConfigurationList = 6525C4C02580C86A00050383 /* Build configuration list for PBXNativeTarget "PrivacyRightDemo" */;
			buildPhases = (
				6525C48A2580C86600050383 /* Sources */,
				6525C48B2580C86600050383 /* Frameworks */,
				6525C48C2580C86600050383 /* Resources */,
			);
			buildRules = (
			);
			dependencies = (
			);
			name = PrivacyRightDemo;
			productName = PrivacyRightDemo;
			productReference = 6525C48E2580C86600050383 /* PrivacyRightDemo.app */;
			productType = "com.apple.product-type.application";
		};
		6525C4AB2580C86A00050383 /* PrivacyRightDemoTests */ = {
			isa = PBXNativeTarget;
			buildConfigurationList = 6525C4C32580C86A00050383 /* Build configuration list for PBXNativeTarget "PrivacyRightDemoTests" */;
			buildPhases = (
				6525C4A82580C86A00050383 /* Sources */,
				6525C4A92580C86A00050383 /* Frameworks */,
				6525C4AA2580C86A00050383 /* Resources */,
			);
			buildRules = (
			);
			dependencies = (
				6525C4AE2580C86A00050383 /* PBXTargetDependency */,
			);
			name = PrivacyRightDemoTests;
			productName = PrivacyRightDemoTests;
			productReference = 6525C4AC2580C86A00050383 /* PrivacyRightDemoTests.xctest */;
			productType = "com.apple.product-type.bundle.unit-test";
		};
		6525C4B62580C86A00050383 /* PrivacyRightDemoUITests */ = {
			isa = PBXNativeTarget;
			buildConfigurationList = 6525C4C62580C86A00050383 /* Build configuration list for PBXNativeTarget "PrivacyRightDemoUITests" */;
			buildPhases = (
				6525C4B32580C86A00050383 /* Sources */,
				6525C4B42580C86A00050383 /* Frameworks */,
				6525C4B52580C86A00050383 /* Resources */,
			);
			buildRules = (
			);
			dependencies = (
				6525C4B92580C86A00050383 /* PBXTargetDependency */,
			);
			name = PrivacyRightDemoUITests;
			productName = PrivacyRightDemoUITests;
			productReference = 6525C4B72580C86A00050383 /* PrivacyRightDemoUITests.xctest */;
			productType = "com.apple.product-type.bundle.ui-testing";
		};
/* End PBXNativeTarget section */

/* Begin PBXProject section */
		6525C4862580C86600050383 /* Project object */ = {
			isa = PBXProject;
			attributes = {
				LastUpgradeCheck = 1210;
				TargetAttributes = {
					6525C48D2580C86600050383 = {
						CreatedOnToolsVersion = 12.1;
					};
					6525C4AB2580C86A00050383 = {
						CreatedOnToolsVersion = 12.1;
						TestTargetID = 6525C48D2580C86600050383;
					};
					6525C4B62580C86A00050383 = {
						CreatedOnToolsVersion = 12.1;
						TestTargetID = 6525C48D2580C86600050383;
					};
				};
			};
			buildConfigurationList = 6525C4892580C86600050383 /* Build configuration list for PBXProject "PrivacyRightDemo" */;
			compatibilityVersion = "Xcode 9.3";
			developmentRegion = en;
			hasScannedForEncodings = 0;
			knownRegions = (
				en,
				Base,
			);
			mainGroup = 6525C4852580C86600050383;
			productRefGroup = 6525C48F2580C86600050383 /* Products */;
			projectDirPath = "";
			projectRoot = "";
			targets = (
				6525C48D2580C86600050383 /* PrivacyRightDemo */,
				6525C4AB2580C86A00050383 /* PrivacyRightDemoTests */,
				6525C4B62580C86A00050383 /* PrivacyRightDemoUITests */,
			);
		};
/* End PBXProject section */

/* Begin PBXResourcesBuildPhase section */
		6525C48C2580C86600050383 /* Resources */ = {
			isa = PBXResourcesBuildPhase;
			buildActionMask = 2147483647;
			files = (
				6525C4A42580C86900050383 /* LaunchScreen.storyboard in Resources */,
				6525C4A12580C86900050383 /* Assets.xcassets in Resources */,
				6525C49C2580C86600050383 /* Main.storyboard in Resources */,
			);
			runOnlyForDeploymentPostprocessing = 0;
		};
		6525C4AA2580C86A00050383 /* Resources */ = {
			isa = PBXResourcesBuildPhase;
			buildActionMask = 2147483647;
			files = (
			);
			runOnlyForDeploymentPostprocessing = 0;
		};
		6525C4B52580C86A00050383 /* Resources */ = {
			isa = PBXResourcesBuildPhase;
			buildActionMask = 2147483647;
			files = (
			);
			runOnlyForDeploymentPostprocessing = 0;
		};
/* End PBXResourcesBuildPhase section */

/* Begin PBXSourcesBuildPhase section */
		6525C48A2580C86600050383 /* Sources */ = {
			isa = PBXSourcesBuildPhase;
			buildActionMask = 2147483647;
			files = (
				6525C4A72580C86900050383 /* main.m in Sources */,
				6525C4F72580CA1100050383 /* MTCalendarsPermission.m in Sources */,
				6525C4992580C86600050383 /* ViewController.m in Sources */,
				6525C5092580CA6500050383 /* MTUserNotificationPermission.m in Sources */,
				6525C4EB2580C9EB00050383 /* MTLocationAllowsPermission.m in Sources */,
				6525C4DF2580C9BF00050383 /* MTCameraPermission.m in Sources */,
				6525C4FD2580CA2300050383 /* MTRemindersPermission.m in Sources */,
				6525C4D92580C9A700050383 /* MTLibraryPermission.m in Sources */,
				6525C4E52580C9D900050383 /* MTMicrophonePermission.m in Sources */,
				6525C5152580CA8700050383 /* MTNetworkPermission.m in Sources */,
				6525C4932580C86600050383 /* AppDelegate.m in Sources */,
				6525C50F2580CA7500050383 /* MTContactsPermission.m in Sources */,
				6525C5032580CA5500050383 /* MTHealthPermission.m in Sources */,
				6525C49F2580C86600050383 /* PrivacyRightDemo.xcdatamodeld in Sources */,
				6525C4D02580C87C00050383 /* MTBasePermission.m in Sources */,
				6525C4F12580C9FF00050383 /* MTLocationWhenInUsePermission.m in Sources */,
				6525C4962580C86600050383 /* SceneDelegate.m in Sources */,
			);
			runOnlyForDeploymentPostprocessing = 0;
		};
		6525C4A82580C86A00050383 /* Sources */ = {
			isa = PBXSourcesBuildPhase;
			buildActionMask = 2147483647;
			files = (
				6525C4B12580C86A00050383 /* PrivacyRightDemoTests.m in Sources */,
			);
			runOnlyForDeploymentPostprocessing = 0;
		};
		6525C4B32580C86A00050383 /* Sources */ = {
			isa = PBXSourcesBuildPhase;
			buildActionMask = 2147483647;
			files = (
				6525C4BC2580C86A00050383 /* PrivacyRightDemoUITests.m in Sources */,
			);
			runOnlyForDeploymentPostprocessing = 0;
		};
/* End PBXSourcesBuildPhase section */

/* Begin PBXTargetDependency section */
		6525C4AE2580C86A00050383 /* PBXTargetDependency */ = {
			isa = PBXTargetDependency;
			target = 6525C48D2580C86600050383 /* PrivacyRightDemo */;
			targetProxy = 6525C4AD2580C86A00050383 /* PBXContainerItemProxy */;
		};
		6525C4B92580C86A00050383 /* PBXTargetDependency */ = {
			isa = PBXTargetDependency;
			target = 6525C48D2580C86600050383 /* PrivacyRightDemo */;
			targetProxy = 6525C4B82580C86A00050383 /* PBXContainerItemProxy */;
		};
/* End PBXTargetDependency section */

/* Begin PBXVariantGroup section */
		6525C49A2580C86600050383 /* Main.storyboard */ = {
			isa = PBXVariantGroup;
			children = (
				6525C49B2580C86600050383 /* Base */,
			);
			name = Main.storyboard;
			sourceTree = "<group>";
		};
		6525C4A22580C86900050383 /* LaunchScreen.storyboard */ = {
			isa = PBXVariantGroup;
			children = (
				6525C4A32580C86900050383 /* Base */,
			);
			name = LaunchScreen.storyboard;
			sourceTree = "<group>";
		};
/* End PBXVariantGroup section */

/* Begin XCBuildConfiguration section */
		6525C4BE2580C86A00050383 /* Debug */ = {
			isa = XCBuildConfiguration;
			buildSettings = {
				ALWAYS_SEARCH_USER_PATHS = NO;
				CLANG_ANALYZER_NONNULL = YES;
				CLANG_ANALYZER_NUMBER_OBJECT_CONVERSION = YES_AGGRESSIVE;
				CLANG_CXX_LANGUAGE_STANDARD = "gnu++14";
				CLANG_CXX_LIBRARY = "libc++";
				CLANG_ENABLE_MODULES = YES;
				CLANG_ENABLE_OBJC_ARC = YES;
				CLANG_ENABLE_OBJC_WEAK = YES;
				CLANG_WARN_BLOCK_CAPTURE_AUTORELEASING = YES;
				CLANG_WARN_BOOL_CONVERSION = YES;
				CLANG_WARN_COMMA = YES;
				CLANG_WARN_CONSTANT_CONVERSION = YES;
				CLANG_WARN_DEPRECATED_OBJC_IMPLEMENTATIONS = YES;
				CLANG_WARN_DIRECT_OBJC_ISA_USAGE = YES_ERROR;
				CLANG_WARN_DOCUMENTATION_COMMENTS = YES;
				CLANG_WARN_EMPTY_BODY = YES;
				CLANG_WARN_ENUM_CONVERSION = YES;
				CLANG_WARN_INFINITE_RECURSION = YES;
				CLANG_WARN_INT_CONVERSION = YES;
				CLANG_WARN_NON_LITERAL_NULL_CONVERSION = YES;
				CLANG_WARN_OBJC_IMPLICIT_RETAIN_SELF = YES;
				CLANG_WARN_OBJC_LITERAL_CONVERSION = YES;
				CLANG_WARN_OBJC_ROOT_CLASS = YES_ERROR;
				CLANG_WARN_QUOTED_INCLUDE_IN_FRAMEWORK_HEADER = YES;
				CLANG_WARN_RANGE_LOOP_ANALYSIS = YES;
				CLANG_WARN_STRICT_PROTOTYPES = YES;
				CLANG_WARN_SUSPICIOUS_MOVE = YES;
				CLANG_WARN_UNGUARDED_AVAILABILITY = YES_AGGRESSIVE;
				CLANG_WARN_UNREACHABLE_CODE = YES;
				CLANG_WARN__DUPLICATE_METHOD_MATCH = YES;
				COPY_PHASE_STRIP = NO;
				DEBUG_INFORMATION_FORMAT = dwarf;
				ENABLE_STRICT_OBJC_MSGSEND = YES;
				ENABLE_TESTABILITY = YES;
				GCC_C_LANGUAGE_STANDARD = gnu11;
				GCC_DYNAMIC_NO_PIC = NO;
				GCC_NO_COMMON_BLOCKS = YES;
				GCC_OPTIMIZATION_LEVEL = 0;
				GCC_PREPROCESSOR_DEFINITIONS = (
					"DEBUG=1",
					"$(inherited)",
				);
				GCC_WARN_64_TO_32_BIT_CONVERSION = YES;
				GCC_WARN_ABOUT_RETURN_TYPE = YES_ERROR;
				GCC_WARN_UNDECLARED_SELECTOR = YES;
				GCC_WARN_UNINITIALIZED_AUTOS = YES_AGGRESSIVE;
				GCC_WARN_UNUSED_FUNCTION = YES;
				GCC_WARN_UNUSED_VARIABLE = YES;
				IPHONEOS_DEPLOYMENT_TARGET = 14.1;
				MTL_ENABLE_DEBUG_INFO = INCLUDE_SOURCE;
				MTL_FAST_MATH = YES;
				ONLY_ACTIVE_ARCH = YES;
				SDKROOT = iphoneos;
			};
			name = Debug;
		};
		6525C4BF2580C86A00050383 /* Release */ = {
			isa = XCBuildConfiguration;
			buildSettings = {
				ALWAYS_SEARCH_USER_PATHS = NO;
				CLANG_ANALYZER_NONNULL = YES;
				CLANG_ANALYZER_NUMBER_OBJECT_CONVERSION = YES_AGGRESSIVE;
				CLANG_CXX_LANGUAGE_STANDARD = "gnu++14";
				CLANG_CXX_LIBRARY = "libc++";
				CLANG_ENABLE_MODULES = YES;
				CLANG_ENABLE_OBJC_ARC = YES;
				CLANG_ENABLE_OBJC_WEAK = YES;
				CLANG_WARN_BLOCK_CAPTURE_AUTORELEASING = YES;
				CLANG_WARN_BOOL_CONVERSION = YES;
				CLANG_WARN_COMMA = YES;
				CLANG_WARN_CONSTANT_CONVERSION = YES;
				CLANG_WARN_DEPRECATED_OBJC_IMPLEMENTATIONS = YES;
				CLANG_WARN_DIRECT_OBJC_ISA_USAGE = YES_ERROR;
				CLANG_WARN_DOCUMENTATION_COMMENTS = YES;
				CLANG_WARN_EMPTY_BODY = YES;
				CLANG_WARN_ENUM_CONVERSION = YES;
				CLANG_WARN_INFINITE_RECURSION = YES;
				CLANG_WARN_INT_CONVERSION = YES;
				CLANG_WARN_NON_LITERAL_NULL_CONVERSION = YES;
				CLANG_WARN_OBJC_IMPLICIT_RETAIN_SELF = YES;
				CLANG_WARN_OBJC_LITERAL_CONVERSION = YES;
				CLANG_WARN_OBJC_ROOT_CLASS = YES_ERROR;
				CLANG_WARN_QUOTED_INCLUDE_IN_FRAMEWORK_HEADER = YES;
				CLANG_WARN_RANGE_LOOP_ANALYSIS = YES;
				CLANG_WARN_STRICT_PROTOTYPES = YES;
				CLANG_WARN_SUSPICIOUS_MOVE = YES;
				CLANG_WARN_UNGUARDED_AVAILABILITY = YES_AGGRESSIVE;
				CLANG_WARN_UNREACHABLE_CODE = YES;
				CLANG_WARN__DUPLICATE_METHOD_MATCH = YES;
				COPY_PHASE_STRIP = NO;
				DEBUG_INFORMATION_FORMAT = "dwarf-with-dsym";
				ENABLE_NS_ASSERTIONS = NO;
				ENABLE_STRICT_OBJC_MSGSEND = YES;
				GCC_C_LANGUAGE_STANDARD = gnu11;
				GCC_NO_COMMON_BLOCKS = YES;
				GCC_WARN_64_TO_32_BIT_CONVERSION = YES;
				GCC_WARN_ABOUT_RETURN_TYPE = YES_ERROR;
				GCC_WARN_UNDECLARED_SELECTOR = YES;
				GCC_WARN_UNINITIALIZED_AUTOS = YES_AGGRESSIVE;
				GCC_WARN_UNUSED_FUNCTION = YES;
				GCC_WARN_UNUSED_VARIABLE = YES;
				IPHONEOS_DEPLOYMENT_TARGET = 14.1;
				MTL_ENABLE_DEBUG_INFO = NO;
				MTL_FAST_MATH = YES;
				SDKROOT = iphoneos;
				VALIDATE_PRODUCT = YES;
			};
			name = Release;
		};
		6525C4C12580C86A00050383 /* Debug */ = {
			isa = XCBuildConfiguration;
			buildSettings = {
				ASSETCATALOG_COMPILER_APPICON_NAME = AppIcon;
				ASSETCATALOG_COMPILER_GLOBAL_ACCENT_COLOR_NAME = AccentColor;
				CODE_SIGN_STYLE = Automatic;
				DEVELOPMENT_TEAM = C2989MFX2P;
				INFOPLIST_FILE = PrivacyRightDemo/Info.plist;
				LD_RUNPATH_SEARCH_PATHS = (
					"$(inherited)",
					"@executable_path/Frameworks",
				);
				PRODUCT_BUNDLE_IDENTIFIER = com.china.mt.PrivacyRightDemo;
				PRODUCT_NAME = "$(TARGET_NAME)";
				TARGETED_DEVICE_FAMILY = "1,2";
			};
			name = Debug;
		};
		6525C4C22580C86A00050383 /* Release */ = {
			isa = XCBuildConfiguration;
			buildSettings = {
				ASSETCATALOG_COMPILER_APPICON_NAME = AppIcon;
				ASSETCATALOG_COMPILER_GLOBAL_ACCENT_COLOR_NAME = AccentColor;
				CODE_SIGN_STYLE = Automatic;
				DEVELOPMENT_TEAM = C2989MFX2P;
				INFOPLIST_FILE = PrivacyRightDemo/Info.plist;
				LD_RUNPATH_SEARCH_PATHS = (
					"$(inherited)",
					"@executable_path/Frameworks",
				);
				PRODUCT_BUNDLE_IDENTIFIER = com.china.mt.PrivacyRightDemo;
				PRODUCT_NAME = "$(TARGET_NAME)";
				TARGETED_DEVICE_FAMILY = "1,2";
			};
			name = Release;
		};
		6525C4C42580C86A00050383 /* Debug */ = {
			isa = XCBuildConfiguration;
			buildSettings = {
				BUNDLE_LOADER = "$(TEST_HOST)";
				CODE_SIGN_STYLE = Automatic;
				DEVELOPMENT_TEAM = C2989MFX2P;
				INFOPLIST_FILE = PrivacyRightDemoTests/Info.plist;
				IPHONEOS_DEPLOYMENT_TARGET = 14.1;
				LD_RUNPATH_SEARCH_PATHS = (
					"$(inherited)",
					"@executable_path/Frameworks",
					"@loader_path/Frameworks",
				);
				PRODUCT_BUNDLE_IDENTIFIER = com.china.mt.PrivacyRightDemoTests;
				PRODUCT_NAME = "$(TARGET_NAME)";
				TARGETED_DEVICE_FAMILY = "1,2";
				TEST_HOST = "$(BUILT_PRODUCTS_DIR)/PrivacyRightDemo.app/PrivacyRightDemo";
			};
			name = Debug;
		};
		6525C4C52580C86A00050383 /* Release */ = {
			isa = XCBuildConfiguration;
			buildSettings = {
				BUNDLE_LOADER = "$(TEST_HOST)";
				CODE_SIGN_STYLE = Automatic;
				DEVELOPMENT_TEAM = C2989MFX2P;
				INFOPLIST_FILE = PrivacyRightDemoTests/Info.plist;
				IPHONEOS_DEPLOYMENT_TARGET = 14.1;
				LD_RUNPATH_SEARCH_PATHS = (
					"$(inherited)",
					"@executable_path/Frameworks",
					"@loader_path/Frameworks",
				);
				PRODUCT_BUNDLE_IDENTIFIER = com.china.mt.PrivacyRightDemoTests;
				PRODUCT_NAME = "$(TARGET_NAME)";
				TARGETED_DEVICE_FAMILY = "1,2";
				TEST_HOST = "$(BUILT_PRODUCTS_DIR)/PrivacyRightDemo.app/PrivacyRightDemo";
			};
			name = Release;
		};
		6525C4C72580C86A00050383 /* Debug */ = {
			isa = XCBuildConfiguration;
			buildSettings = {
				CODE_SIGN_STYLE = Automatic;
				DEVELOPMENT_TEAM = C2989MFX2P;
				INFOPLIST_FILE = PrivacyRightDemoUITests/Info.plist;
				LD_RUNPATH_SEARCH_PATHS = (
					"$(inherited)",
					"@executable_path/Frameworks",
					"@loader_path/Frameworks",
				);
				PRODUCT_BUNDLE_IDENTIFIER = com.china.mt.PrivacyRightDemoUITests;
				PRODUCT_NAME = "$(TARGET_NAME)";
				TARGETED_DEVICE_FAMILY = "1,2";
				TEST_TARGET_NAME = PrivacyRightDemo;
			};
			name = Debug;
		};
		6525C4C82580C86A00050383 /* Release */ = {
			isa = XCBuildConfiguration;
			buildSettings = {
				CODE_SIGN_STYLE = Automatic;
				DEVELOPMENT_TEAM = C2989MFX2P;
				INFOPLIST_FILE = PrivacyRightDemoUITests/Info.plist;
				LD_RUNPATH_SEARCH_PATHS = (
					"$(inherited)",
					"@executable_path/Frameworks",
					"@loader_path/Frameworks",
				);
				PRODUCT_BUNDLE_IDENTIFIER = com.china.mt.PrivacyRightDemoUITests;
				PRODUCT_NAME = "$(TARGET_NAME)";
				TARGETED_DEVICE_FAMILY = "1,2";
				TEST_TARGET_NAME = PrivacyRightDemo;
			};
			name = Release;
		};
/* End XCBuildConfiguration section */

/* Begin XCConfigurationList section */
		6525C4892580C86600050383 /* Build configuration list for PBXProject "PrivacyRightDemo" */ = {
			isa = XCConfigurationList;
			buildConfigurations = (
				6525C4BE2580C86A00050383 /* Debug */,
				6525C4BF2580C86A00050383 /* Release */,
			);
			defaultConfigurationIsVisible = 0;
			defaultConfigurationName = Release;
		};
		6525C4C02580C86A00050383 /* Build configuration list for PBXNativeTarget "PrivacyRightDemo" */ = {
			isa = XCConfigurationList;
			buildConfigurations = (
				6525C4C12580C86A00050383 /* Debug */,
				6525C4C22580C86A00050383 /* Release */,
			);
			defaultConfigurationIsVisible = 0;
			defaultConfigurationName = Release;
		};
		6525C4C32580C86A00050383 /* Build configuration list for PBXNativeTarget "PrivacyRightDemoTests" */ = {
			isa = XCConfigurationList;
			buildConfigurations = (
				6525C4C42580C86A00050383 /* Debug */,
				6525C4C52580C86A00050383 /* Release */,
			);
			defaultConfigurationIsVisible = 0;
			defaultConfigurationName = Release;
		};
		6525C4C62580C86A00050383 /* Build configuration list for PBXNativeTarget "PrivacyRightDemoUITests" */ = {
			isa = XCConfigurationList;
			buildConfigurations = (
				6525C4C72580C86A00050383 /* Debug */,
				6525C4C82580C86A00050383 /* Release */,
			);
			defaultConfigurationIsVisible = 0;
			defaultConfigurationName = Release;
		};
/* End XCConfigurationList section */

/* Begin XCVersionGroup section */
		6525C49D2580C86600050383 /* PrivacyRightDemo.xcdatamodeld */ = {
			isa = XCVersionGroup;
			children = (
				6525C49E2580C86600050383 /* PrivacyRightDemo.xcdatamodel */,
			);
			currentVersion = 6525C49E2580C86600050383 /* PrivacyRightDemo.xcdatamodel */;
			path = PrivacyRightDemo.xcdatamodeld;
			sourceTree = "<group>";
			versionGroupType = wrapper.xcdatamodel;
		};
/* End XCVersionGroup section */
	};
	rootObject = 6525C4862580C86600050383 /* Project object */;
}
